// !$*UTF8*$!
{
	archiveVersion = 1;
	classes = {
	};
	objectVersion = 50;
	objects = {

/* Begin PBXBuildFile section */
		361A8A28DB0F189ACE216DD4 /* Pods_SearchST.framework in Frameworks */ = {isa = PBXBuildFile; fileRef = 1C706E3F78E0112A9CFCE370 /* Pods_SearchST.framework */; };
		6DD108A02275A67900478B4C /* AppDelegate.swift in Sources */ = {isa = PBXBuildFile; fileRef = 6DD1089F2275A67900478B4C /* AppDelegate.swift */; };
		6DD108A72275A67B00478B4C /* Assets.xcassets in Resources */ = {isa = PBXBuildFile; fileRef = 6DD108A62275A67B00478B4C /* Assets.xcassets */; };
		6DD108AA2275A67B00478B4C /* LaunchScreen.storyboard in Resources */ = {isa = PBXBuildFile; fileRef = 6DD108A82275A67B00478B4C /* LaunchScreen.storyboard */; };
		6DD108B52275A67B00478B4C /* SearchSTTests.swift in Sources */ = {isa = PBXBuildFile; fileRef = 6DD108B42275A67B00478B4C /* SearchSTTests.swift */; };
		6DD108C32275B1AC00478B4C /* BaseCoordinator.swift in Sources */ = {isa = PBXBuildFile; fileRef = 6DD108C22275B1AC00478B4C /* BaseCoordinator.swift */; };
		6DD108C82275B24500478B4C /* AppCoordinator.swift in Sources */ = {isa = PBXBuildFile; fileRef = 6DD108C72275B24500478B4C /* AppCoordinator.swift */; };
		6DD108CA2275B60600478B4C /* HomeViewController.swift in Sources */ = {isa = PBXBuildFile; fileRef = 6DD108C92275B60600478B4C /* HomeViewController.swift */; };
		6DD108CC2275B61C00478B4C /* HomeViewCoordinator.swift in Sources */ = {isa = PBXBuildFile; fileRef = 6DD108CB2275B61C00478B4C /* HomeViewCoordinator.swift */; };
		6DD108CE2275B7A600478B4C /* SearchItemViewModel.swift in Sources */ = {isa = PBXBuildFile; fileRef = 6DD108CD2275B7A600478B4C /* SearchItemViewModel.swift */; };
		6DD108D12275BD0300478B4C /* SearchResult.swift in Sources */ = {isa = PBXBuildFile; fileRef = 6DD108D02275BD0300478B4C /* SearchResult.swift */; };
		6DD108D42275BD3300478B4C /* Item.swift in Sources */ = {isa = PBXBuildFile; fileRef = 6DD108D32275BD3300478B4C /* Item.swift */; };
		6DD108D62275C52300478B4C /* StoryTelAPI.swift in Sources */ = {isa = PBXBuildFile; fileRef = 6DD108D52275C52300478B4C /* StoryTelAPI.swift */; };
		6DD108D92275CE4800478B4C /* StubResponse.swift in Sources */ = {isa = PBXBuildFile; fileRef = 6DD108D82275CE4800478B4C /* StubResponse.swift */; };
		6DD108DA2275CEAC00478B4C /* StubResponse.swift in Sources */ = {isa = PBXBuildFile; fileRef = 6DD108D82275CE4800478B4C /* StubResponse.swift */; };
		6DD108DC2275D36A00478B4C /* Utilities.swift in Sources */ = {isa = PBXBuildFile; fileRef = 6DD108DB2275D36A00478B4C /* Utilities.swift */; };
		6DD108DF2275D5BC00478B4C /* ItemDetailViewModel.swift in Sources */ = {isa = PBXBuildFile; fileRef = 6DD108DE2275D5BC00478B4C /* ItemDetailViewModel.swift */; };
		6DD108E12275D77C00478B4C /* ActivityIndicator.swift in Sources */ = {isa = PBXBuildFile; fileRef = 6DD108E02275D77C00478B4C /* ActivityIndicator.swift */; };
		6DD108E32275D8C900478B4C /* APIManager.swift in Sources */ = {isa = PBXBuildFile; fileRef = 6DD108E22275D8C900478B4C /* APIManager.swift */; };
		6DD108E52275DA6100478B4C /* Protocols.swift in Sources */ = {isa = PBXBuildFile; fileRef = 6DD108E42275DA6100478B4C /* Protocols.swift */; };
		EDAD7562EC5DADBEA5AE8448 /* Pods_SearchSTTests.framework in Frameworks */ = {isa = PBXBuildFile; fileRef = 1AFFA351FA8C64943BE7D607 /* Pods_SearchSTTests.framework */; };
/* End PBXBuildFile section */

/* Begin PBXContainerItemProxy section */
		6DD108B12275A67B00478B4C /* PBXContainerItemProxy */ = {
			isa = PBXContainerItemProxy;
			containerPortal = 6DD108942275A67900478B4C /* Project object */;
			proxyType = 1;
			remoteGlobalIDString = 6DD1089B2275A67900478B4C;
			remoteInfo = SearchST;
		};
/* End PBXContainerItemProxy section */

/* Begin PBXFileReference section */
		1AFFA351FA8C64943BE7D607 /* Pods_SearchSTTests.framework */ = {isa = PBXFileReference; explicitFileType = wrapper.framework; includeInIndex = 0; path = Pods_SearchSTTests.framework; sourceTree = BUILT_PRODUCTS_DIR; };
		1C706E3F78E0112A9CFCE370 /* Pods_SearchST.framework */ = {isa = PBXFileReference; explicitFileType = wrapper.framework; includeInIndex = 0; path = Pods_SearchST.framework; sourceTree = BUILT_PRODUCTS_DIR; };
		221081E901767B3466D7FBDE /* Pods-SearchSTTests.release.xcconfig */ = {isa = PBXFileReference; includeInIndex = 1; lastKnownFileType = text.xcconfig; name = "Pods-SearchSTTests.release.xcconfig"; path = "Pods/Target Support Files/Pods-SearchSTTests/Pods-SearchSTTests.release.xcconfig"; sourceTree = "<group>"; };
		2B2DB1591DCBFC38F7B9EE7E /* Pods-SearchST.release.xcconfig */ = {isa = PBXFileReference; includeInIndex = 1; lastKnownFileType = text.xcconfig; name = "Pods-SearchST.release.xcconfig"; path = "Pods/Target Support Files/Pods-SearchST/Pods-SearchST.release.xcconfig"; sourceTree = "<group>"; };
		6DD1089C2275A67900478B4C /* SearchST.app */ = {isa = PBXFileReference; explicitFileType = wrapper.application; includeInIndex = 0; path = SearchST.app; sourceTree = BUILT_PRODUCTS_DIR; };
		6DD1089F2275A67900478B4C /* AppDelegate.swift */ = {isa = PBXFileReference; lastKnownFileType = sourcecode.swift; path = AppDelegate.swift; sourceTree = "<group>"; };
		6DD108A62275A67B00478B4C /* Assets.xcassets */ = {isa = PBXFileReference; lastKnownFileType = folder.assetcatalog; path = Assets.xcassets; sourceTree = "<group>"; };
		6DD108A92275A67B00478B4C /* Base */ = {isa = PBXFileReference; lastKnownFileType = file.storyboard; name = Base; path = Base.lproj/LaunchScreen.storyboard; sourceTree = "<group>"; };
		6DD108AB2275A67B00478B4C /* Info.plist */ = {isa = PBXFileReference; lastKnownFileType = text.plist.xml; path = Info.plist; sourceTree = "<group>"; };
		6DD108B02275A67B00478B4C /* SearchSTTests.xctest */ = {isa = PBXFileReference; explicitFileType = wrapper.cfbundle; includeInIndex = 0; path = SearchSTTests.xctest; sourceTree = BUILT_PRODUCTS_DIR; };
		6DD108B42275A67B00478B4C /* SearchSTTests.swift */ = {isa = PBXFileReference; lastKnownFileType = sourcecode.swift; path = SearchSTTests.swift; sourceTree = "<group>"; };
		6DD108B62275A67B00478B4C /* Info.plist */ = {isa = PBXFileReference; lastKnownFileType = text.plist.xml; path = Info.plist; sourceTree = "<group>"; };
		6DD108C22275B1AC00478B4C /* BaseCoordinator.swift */ = {isa = PBXFileReference; lastKnownFileType = sourcecode.swift; path = BaseCoordinator.swift; sourceTree = "<group>"; };
		6DD108C72275B24500478B4C /* AppCoordinator.swift */ = {isa = PBXFileReference; lastKnownFileType = sourcecode.swift; path = AppCoordinator.swift; sourceTree = "<group>"; };
		6DD108C92275B60600478B4C /* HomeViewController.swift */ = {isa = PBXFileReference; lastKnownFileType = sourcecode.swift; path = HomeViewController.swift; sourceTree = "<group>"; };
		6DD108CB2275B61C00478B4C /* HomeViewCoordinator.swift */ = {isa = PBXFileReference; lastKnownFileType = sourcecode.swift; path = HomeViewCoordinator.swift; sourceTree = "<group>"; };
		6DD108CD2275B7A600478B4C /* SearchItemViewModel.swift */ = {isa = PBXFileReference; lastKnownFileType = sourcecode.swift; name = SearchItemViewModel.swift; path = ../SearchItemViewModel.swift; sourceTree = "<group>"; };
		6DD108D02275BD0300478B4C /* SearchResult.swift */ = {isa = PBXFileReference; lastKnownFileType = sourcecode.swift; path = SearchResult.swift; sourceTree = "<group>"; };
		6DD108D32275BD3300478B4C /* Item.swift */ = {isa = PBXFileReference; lastKnownFileType = sourcecode.swift; path = Item.swift; sourceTree = "<group>"; };
		6DD108D52275C52300478B4C /* StoryTelAPI.swift */ = {isa = PBXFileReference; lastKnownFileType = sourcecode.swift; path = StoryTelAPI.swift; sourceTree = "<group>"; };
		6DD108D82275CE4800478B4C /* StubResponse.swift */ = {isa = PBXFileReference; lastKnownFileType = sourcecode.swift; path = StubResponse.swift; sourceTree = "<group>"; };
		6DD108DB2275D36A00478B4C /* Utilities.swift */ = {isa = PBXFileReference; lastKnownFileType = sourcecode.swift; path = Utilities.swift; sourceTree = "<group>"; };
		6DD108DE2275D5BC00478B4C /* ItemDetailViewModel.swift */ = {isa = PBXFileReference; lastKnownFileType = sourcecode.swift; path = ItemDetailViewModel.swift; sourceTree = "<group>"; };
		6DD108E02275D77C00478B4C /* ActivityIndicator.swift */ = {isa = PBXFileReference; lastKnownFileType = sourcecode.swift; path = ActivityIndicator.swift; sourceTree = "<group>"; };
		6DD108E22275D8C900478B4C /* APIManager.swift */ = {isa = PBXFileReference; lastKnownFileType = sourcecode.swift; path = APIManager.swift; sourceTree = "<group>"; };
		6DD108E42275DA6100478B4C /* Protocols.swift */ = {isa = PBXFileReference; lastKnownFileType = sourcecode.swift; path = Protocols.swift; sourceTree = "<group>"; };
		7FE43AB691AB722A623F889E /* Pods-SearchST.debug.xcconfig */ = {isa = PBXFileReference; includeInIndex = 1; lastKnownFileType = text.xcconfig; name = "Pods-SearchST.debug.xcconfig"; path = "Pods/Target Support Files/Pods-SearchST/Pods-SearchST.debug.xcconfig"; sourceTree = "<group>"; };
		C08FA5B08F61B70D853448C2 /* Pods-SearchSTTests.debug.xcconfig */ = {isa = PBXFileReference; includeInIndex = 1; lastKnownFileType = text.xcconfig; name = "Pods-SearchSTTests.debug.xcconfig"; path = "Pods/Target Support Files/Pods-SearchSTTests/Pods-SearchSTTests.debug.xcconfig"; sourceTree = "<group>"; };
/* End PBXFileReference section */

/* Begin PBXFrameworksBuildPhase section */
		6DD108992275A67900478B4C /* Frameworks */ = {
			isa = PBXFrameworksBuildPhase;
			buildActionMask = 2147483647;
			files = (
				361A8A28DB0F189ACE216DD4 /* Pods_SearchST.framework in Frameworks */,
			);
			runOnlyForDeploymentPostprocessing = 0;
		};
		6DD108AD2275A67B00478B4C /* Frameworks */ = {
			isa = PBXFrameworksBuildPhase;
			buildActionMask = 2147483647;
			files = (
				EDAD7562EC5DADBEA5AE8448 /* Pods_SearchSTTests.framework in Frameworks */,
			);
			runOnlyForDeploymentPostprocessing = 0;
		};
/* End PBXFrameworksBuildPhase section */

/* Begin PBXGroup section */
		3470428A6B2FDC5FBE57611D /* Pods */ = {
			isa = PBXGroup;
			children = (
				7FE43AB691AB722A623F889E /* Pods-SearchST.debug.xcconfig */,
				2B2DB1591DCBFC38F7B9EE7E /* Pods-SearchST.release.xcconfig */,
				C08FA5B08F61B70D853448C2 /* Pods-SearchSTTests.debug.xcconfig */,
				221081E901767B3466D7FBDE /* Pods-SearchSTTests.release.xcconfig */,
			);
			name = Pods;
			sourceTree = "<group>";
		};
		6DD108932275A67900478B4C = {
			isa = PBXGroup;
			children = (
				6DD1089E2275A67900478B4C /* SearchST */,
				6DD108B32275A67B00478B4C /* SearchSTTests */,
				6DD1089D2275A67900478B4C /* Products */,
				3470428A6B2FDC5FBE57611D /* Pods */,
				B7FA4D0F97316C6E8944CE12 /* Frameworks */,
			);
			sourceTree = "<group>";
		};
		6DD1089D2275A67900478B4C /* Products */ = {
			isa = PBXGroup;
			children = (
				6DD1089C2275A67900478B4C /* SearchST.app */,
				6DD108B02275A67B00478B4C /* SearchSTTests.xctest */,
			);
			name = Products;
			sourceTree = "<group>";
		};
		6DD1089E2275A67900478B4C /* SearchST */ = {
			isa = PBXGroup;
			children = (
				6DD108C62275B23500478B4C /* Application */,
				6DD108D22275BD0800478B4C /* Model */,
				6DD108CF2275B7B500478B4C /* ViewModel */,
				6DD108C42275B20000478B4C /* Coordinators */,
				6DD108C52275B22000478B4C /* ViewControllers */,
				6DD108D72275C52700478B4C /* Networking */,
				6DD108DD2275D38200478B4C /* Helpers */,
				6DD108BF2275AD2A00478B4C /* SupportFiles */,
			);
			path = SearchST;
			sourceTree = "<group>";
		};
		6DD108B32275A67B00478B4C /* SearchSTTests */ = {
			isa = PBXGroup;
			children = (
				6DD108B42275A67B00478B4C /* SearchSTTests.swift */,
				6DD108D82275CE4800478B4C /* StubResponse.swift */,
				6DD108B62275A67B00478B4C /* Info.plist */,
			);
			path = SearchSTTests;
			sourceTree = "<group>";
		};
		6DD108BF2275AD2A00478B4C /* SupportFiles */ = {
			isa = PBXGroup;
			children = (
				6DD108A62275A67B00478B4C /* Assets.xcassets */,
				6DD108A82275A67B00478B4C /* LaunchScreen.storyboard */,
				6DD108AB2275A67B00478B4C /* Info.plist */,
			);
			path = SupportFiles;
			sourceTree = "<group>";
		};
		6DD108C42275B20000478B4C /* Coordinators */ = {
			isa = PBXGroup;
			children = (
				6DD108CB2275B61C00478B4C /* HomeViewCoordinator.swift */,
				6DD108C22275B1AC00478B4C /* BaseCoordinator.swift */,
			);
			path = Coordinators;
			sourceTree = "<group>";
		};
		6DD108C52275B22000478B4C /* ViewControllers */ = {
			isa = PBXGroup;
			children = (
				6DD108C92275B60600478B4C /* HomeViewController.swift */,
			);
			path = ViewControllers;
			sourceTree = "<group>";
		};
		6DD108C62275B23500478B4C /* Application */ = {
			isa = PBXGroup;
			children = (
				6DD1089F2275A67900478B4C /* AppDelegate.swift */,
				6DD108C72275B24500478B4C /* AppCoordinator.swift */,
			);
			path = Application;
			sourceTree = "<group>";
		};
		6DD108CF2275B7B500478B4C /* ViewModel */ = {
			isa = PBXGroup;
			children = (
				6DD108CD2275B7A600478B4C /* SearchItemViewModel.swift */,
				6DD108DE2275D5BC00478B4C /* ItemDetailViewModel.swift */,
			);
			path = ViewModel;
			sourceTree = "<group>";
		};
		6DD108D22275BD0800478B4C /* Model */ = {
			isa = PBXGroup;
			children = (
				6DD108D02275BD0300478B4C /* SearchResult.swift */,
				6DD108D32275BD3300478B4C /* Item.swift */,
			);
			path = Model;
			sourceTree = "<group>";
		};
		6DD108D72275C52700478B4C /* Networking */ = {
			isa = PBXGroup;
			children = (
				6DD108E22275D8C900478B4C /* APIManager.swift */,
				6DD108D52275C52300478B4C /* StoryTelAPI.swift */,
				6DD108E02275D77C00478B4C /* ActivityIndicator.swift */,
				6DD108E42275DA6100478B4C /* Protocols.swift */,
			);
			path = Networking;
			sourceTree = "<group>";
		};
		6DD108DD2275D38200478B4C /* Helpers */ = {
			isa = PBXGroup;
			children = (
				6DD108DB2275D36A00478B4C /* Utilities.swift */,
			);
			path = Helpers;
			sourceTree = "<group>";
		};
		B7FA4D0F97316C6E8944CE12 /* Frameworks */ = {
			isa = PBXGroup;
			children = (
				1C706E3F78E0112A9CFCE370 /* Pods_SearchST.framework */,
				1AFFA351FA8C64943BE7D607 /* Pods_SearchSTTests.framework */,
			);
			name = Frameworks;
			sourceTree = "<group>";
		};
/* End PBXGroup section */

/* Begin PBXNativeTarget section */
		6DD1089B2275A67900478B4C /* SearchST */ = {
			isa = PBXNativeTarget;
			buildConfigurationList = 6DD108B92275A67B00478B4C /* Build configuration list for PBXNativeTarget "SearchST" */;
			buildPhases = (
				731266B743E75E9BA2AAF2C2 /* [CP] Check Pods Manifest.lock */,
				6DD108982275A67900478B4C /* Sources */,
				6DD108992275A67900478B4C /* Frameworks */,
				6DD1089A2275A67900478B4C /* Resources */,
				510BF1077B536BA19CC3F0DC /* [CP] Embed Pods Frameworks */,
			);
			buildRules = (
			);
			dependencies = (
			);
			name = SearchST;
			productName = SearchST;
			productReference = 6DD1089C2275A67900478B4C /* SearchST.app */;
			productType = "com.apple.product-type.application";
		};
		6DD108AF2275A67B00478B4C /* SearchSTTests */ = {
			isa = PBXNativeTarget;
			buildConfigurationList = 6DD108BC2275A67B00478B4C /* Build configuration list for PBXNativeTarget "SearchSTTests" */;
			buildPhases = (
				9AAFA334BCD97C32612EE90E /* [CP] Check Pods Manifest.lock */,
				6DD108AC2275A67B00478B4C /* Sources */,
				6DD108AD2275A67B00478B4C /* Frameworks */,
				6DD108AE2275A67B00478B4C /* Resources */,
				7DBD5F64ACDE65676EAF5A7D /* [CP] Embed Pods Frameworks */,
			);
			buildRules = (
			);
			dependencies = (
				6DD108B22275A67B00478B4C /* PBXTargetDependency */,
			);
			name = SearchSTTests;
			productName = SearchSTTests;
			productReference = 6DD108B02275A67B00478B4C /* SearchSTTests.xctest */;
			productType = "com.apple.product-type.bundle.unit-test";
		};
/* End PBXNativeTarget section */

/* Begin PBXProject section */
		6DD108942275A67900478B4C /* Project object */ = {
			isa = PBXProject;
			attributes = {
				LastSwiftUpdateCheck = 1020;
				LastUpgradeCheck = 1020;
				ORGANIZATIONNAME = singhamit089;
				TargetAttributes = {
					6DD1089B2275A67900478B4C = {
						CreatedOnToolsVersion = 10.2;
					};
					6DD108AF2275A67B00478B4C = {
						CreatedOnToolsVersion = 10.2;
						TestTargetID = 6DD1089B2275A67900478B4C;
					};
				};
			};
			buildConfigurationList = 6DD108972275A67900478B4C /* Build configuration list for PBXProject "SearchST" */;
			compatibilityVersion = "Xcode 9.3";
			developmentRegion = en;
			hasScannedForEncodings = 0;
			knownRegions = (
				en,
				Base,
			);
			mainGroup = 6DD108932275A67900478B4C;
			productRefGroup = 6DD1089D2275A67900478B4C /* Products */;
			projectDirPath = "";
			projectRoot = "";
			targets = (
				6DD1089B2275A67900478B4C /* SearchST */,
				6DD108AF2275A67B00478B4C /* SearchSTTests */,
			);
		};
/* End PBXProject section */

/* Begin PBXResourcesBuildPhase section */
		6DD1089A2275A67900478B4C /* Resources */ = {
			isa = PBXResourcesBuildPhase;
			buildActionMask = 2147483647;
			files = (
				6DD108AA2275A67B00478B4C /* LaunchScreen.storyboard in Resources */,
				6DD108A72275A67B00478B4C /* Assets.xcassets in Resources */,
			);
			runOnlyForDeploymentPostprocessing = 0;
		};
		6DD108AE2275A67B00478B4C /* Resources */ = {
			isa = PBXResourcesBuildPhase;
			buildActionMask = 2147483647;
			files = (
			);
			runOnlyForDeploymentPostprocessing = 0;
		};
/* End PBXResourcesBuildPhase section */

/* Begin PBXShellScriptBuildPhase section */
		510BF1077B536BA19CC3F0DC /* [CP] Embed Pods Frameworks */ = {
			isa = PBXShellScriptBuildPhase;
			buildActionMask = 2147483647;
			files = (
			);
			inputFileListPaths = (
			);
			inputPaths = (
				"${SRCROOT}/Pods/Target Support Files/Pods-SearchST/Pods-SearchST-frameworks.sh",
				"${BUILT_PRODUCTS_DIR}/Alamofire/Alamofire.framework",
				"${BUILT_PRODUCTS_DIR}/Moya/Moya.framework",
				"${BUILT_PRODUCTS_DIR}/Result/Result.framework",
				"${BUILT_PRODUCTS_DIR}/RxCocoa/RxCocoa.framework",
				"${BUILT_PRODUCTS_DIR}/RxSwift/RxSwift.framework",
				"${BUILT_PRODUCTS_DIR}/SVProgressHUD/SVProgressHUD.framework",
			);
			name = "[CP] Embed Pods Frameworks";
			outputFileListPaths = (
			);
			outputPaths = (
				"${TARGET_BUILD_DIR}/${FRAMEWORKS_FOLDER_PATH}/Alamofire.framework",
				"${TARGET_BUILD_DIR}/${FRAMEWORKS_FOLDER_PATH}/Moya.framework",
				"${TARGET_BUILD_DIR}/${FRAMEWORKS_FOLDER_PATH}/Result.framework",
				"${TARGET_BUILD_DIR}/${FRAMEWORKS_FOLDER_PATH}/RxCocoa.framework",
				"${TARGET_BUILD_DIR}/${FRAMEWORKS_FOLDER_PATH}/RxSwift.framework",
				"${TARGET_BUILD_DIR}/${FRAMEWORKS_FOLDER_PATH}/SVProgressHUD.framework",
			);
			runOnlyForDeploymentPostprocessing = 0;
			shellPath = /bin/sh;
			shellScript = "\"${SRCROOT}/Pods/Target Support Files/Pods-SearchST/Pods-SearchST-frameworks.sh\"\n";
			showEnvVarsInLog = 0;
		};
		731266B743E75E9BA2AAF2C2 /* [CP] Check Pods Manifest.lock */ = {
			isa = PBXShellScriptBuildPhase;
			buildActionMask = 2147483647;
			files = (
			);
			inputFileListPaths = (
			);
			inputPaths = (
				"${PODS_PODFILE_DIR_PATH}/Podfile.lock",
				"${PODS_ROOT}/Manifest.lock",
			);
			name = "[CP] Check Pods Manifest.lock";
			outputFileListPaths = (
			);
			outputPaths = (
				"$(DERIVED_FILE_DIR)/Pods-SearchST-checkManifestLockResult.txt",
			);
			runOnlyForDeploymentPostprocessing = 0;
			shellPath = /bin/sh;
			shellScript = "diff \"${PODS_PODFILE_DIR_PATH}/Podfile.lock\" \"${PODS_ROOT}/Manifest.lock\" > /dev/null\nif [ $? != 0 ] ; then\n    # print error to STDERR\n    echo \"error: The sandbox is not in sync with the Podfile.lock. Run 'pod install' or update your CocoaPods installation.\" >&2\n    exit 1\nfi\n# This output is used by Xcode 'outputs' to avoid re-running this script phase.\necho \"SUCCESS\" > \"${SCRIPT_OUTPUT_FILE_0}\"\n";
			showEnvVarsInLog = 0;
		};
		7DBD5F64ACDE65676EAF5A7D /* [CP] Embed Pods Frameworks */ = {
			isa = PBXShellScriptBuildPhase;
			buildActionMask = 2147483647;
			files = (
			);
			inputFileListPaths = (
			);
			inputPaths = (
				"${SRCROOT}/Pods/Target Support Files/Pods-SearchSTTests/Pods-SearchSTTests-frameworks.sh",
				"${BUILT_PRODUCTS_DIR}/RxSwift/RxSwift.framework",
				"${BUILT_PRODUCTS_DIR}/Nimble/Nimble.framework",
				"${BUILT_PRODUCTS_DIR}/Quick/Quick.framework",
				"${BUILT_PRODUCTS_DIR}/RxTest/RxTest.framework",
			);
			name = "[CP] Embed Pods Frameworks";
			outputFileListPaths = (
			);
			outputPaths = (
				"${TARGET_BUILD_DIR}/${FRAMEWORKS_FOLDER_PATH}/RxSwift.framework",
				"${TARGET_BUILD_DIR}/${FRAMEWORKS_FOLDER_PATH}/Nimble.framework",
				"${TARGET_BUILD_DIR}/${FRAMEWORKS_FOLDER_PATH}/Quick.framework",
				"${TARGET_BUILD_DIR}/${FRAMEWORKS_FOLDER_PATH}/RxTest.framework",
			);
			runOnlyForDeploymentPostprocessing = 0;
			shellPath = /bin/sh;
			shellScript = "\"${SRCROOT}/Pods/Target Support Files/Pods-SearchSTTests/Pods-SearchSTTests-frameworks.sh\"\n";
			showEnvVarsInLog = 0;
		};
		9AAFA334BCD97C32612EE90E /* [CP] Check Pods Manifest.lock */ = {
			isa = PBXShellScriptBuildPhase;
			buildActionMask = 2147483647;
			files = (
			);
			inputFileListPaths = (
			);
			inputPaths = (
				"${PODS_PODFILE_DIR_PATH}/Podfile.lock",
				"${PODS_ROOT}/Manifest.lock",
			);
			name = "[CP] Check Pods Manifest.lock";
			outputFileListPaths = (
			);
			outputPaths = (
				"$(DERIVED_FILE_DIR)/Pods-SearchSTTests-checkManifestLockResult.txt",
			);
			runOnlyForDeploymentPostprocessing = 0;
			shellPath = /bin/sh;
			shellScript = "diff \"${PODS_PODFILE_DIR_PATH}/Podfile.lock\" \"${PODS_ROOT}/Manifest.lock\" > /dev/null\nif [ $? != 0 ] ; then\n    # print error to STDERR\n    echo \"error: The sandbox is not in sync with the Podfile.lock. Run 'pod install' or update your CocoaPods installation.\" >&2\n    exit 1\nfi\n# This output is used by Xcode 'outputs' to avoid re-running this script phase.\necho \"SUCCESS\" > \"${SCRIPT_OUTPUT_FILE_0}\"\n";
			showEnvVarsInLog = 0;
		};
/* End PBXShellScriptBuildPhase section */

/* Begin PBXSourcesBuildPhase section */
		6DD108982275A67900478B4C /* Sources */ = {
			isa = PBXSourcesBuildPhase;
			buildActionMask = 2147483647;
			files = (
				6DD108E52275DA6100478B4C /* Protocols.swift in Sources */,
				6DD108CC2275B61C00478B4C /* HomeViewCoordinator.swift in Sources */,
				6DD108D12275BD0300478B4C /* SearchResult.swift in Sources */,
				6DD108DC2275D36A00478B4C /* Utilities.swift in Sources */,
				6DD108CE2275B7A600478B4C /* SearchItemViewModel.swift in Sources */,
				6DD108E12275D77C00478B4C /* ActivityIndicator.swift in Sources */,
				6DD108C82275B24500478B4C /* AppCoordinator.swift in Sources */,
				6DD108E32275D8C900478B4C /* APIManager.swift in Sources */,
				6DD108DA2275CEAC00478B4C /* StubResponse.swift in Sources */,
				6DD108D42275BD3300478B4C /* Item.swift in Sources */,
				6DD108C32275B1AC00478B4C /* BaseCoordinator.swift in Sources */,
				6DD108D62275C52300478B4C /* StoryTelAPI.swift in Sources */,
				6DD108A02275A67900478B4C /* AppDelegate.swift in Sources */,
				6DD108DF2275D5BC00478B4C /* ItemDetailViewModel.swift in Sources */,
				6DD108CA2275B60600478B4C /* HomeViewController.swift in Sources */,
			);
			runOnlyForDeploymentPostprocessing = 0;
		};
		6DD108AC2275A67B00478B4C /* Sources */ = {
			isa = PBXSourcesBuildPhase;
			buildActionMask = 2147483647;
			files = (
				6DD108D92275CE4800478B4C /* StubResponse.swift in Sources */,
				6DD108B52275A67B00478B4C /* SearchSTTests.swift in Sources */,
			);
			runOnlyForDeploymentPostprocessing = 0;
		};
/* End PBXSourcesBuildPhase section */

/* Begin PBXTargetDependency section */
		6DD108B22275A67B00478B4C /* PBXTargetDependency */ = {
			isa = PBXTargetDependency;
			target = 6DD1089B2275A67900478B4C /* SearchST */;
			targetProxy = 6DD108B12275A67B00478B4C /* PBXContainerItemProxy */;
		};
/* End PBXTargetDependency section */

/* Begin PBXVariantGroup section */
		6DD108A82275A67B00478B4C /* LaunchScreen.storyboard */ = {
			isa = PBXVariantGroup;
			children = (
				6DD108A92275A67B00478B4C /* Base */,
			);
			name = LaunchScreen.storyboard;
			sourceTree = "<group>";
		};
/* End PBXVariantGroup section */

/* Begin XCBuildConfiguration section */
		6DD108B72275A67B00478B4C /* Debug */ = {
			isa = XCBuildConfiguration;
			buildSettings = {
				ALWAYS_SEARCH_USER_PATHS = NO;
				CLANG_ANALYZER_NONNULL = YES;
				CLANG_ANALYZER_NUMBER_OBJECT_CONVERSION = YES_AGGRESSIVE;
				CLANG_CXX_LANGUAGE_STANDARD = "gnu++14";
				CLANG_CXX_LIBRARY = "libc++";
				CLANG_ENABLE_MODULES = YES;
				CLANG_ENABLE_OBJC_ARC = YES;
				CLANG_ENABLE_OBJC_WEAK = YES;
				CLANG_WARN_BLOCK_CAPTURE_AUTORELEASING = YES;
				CLANG_WARN_BOOL_CONVERSION = YES;
				CLANG_WARN_COMMA = YES;
				CLANG_WARN_CONSTANT_CONVERSION = YES;
				CLANG_WARN_DEPRECATED_OBJC_IMPLEMENTATIONS = YES;
				CLANG_WARN_DIRECT_OBJC_ISA_USAGE = YES_ERROR;
				CLANG_WARN_DOCUMENTATION_COMMENTS = YES;
				CLANG_WARN_EMPTY_BODY = YES;
				CLANG_WARN_ENUM_CONVERSION = YES;
				CLANG_WARN_INFINITE_RECURSION = YES;
				CLANG_WARN_INT_CONVERSION = YES;
				CLANG_WARN_NON_LITERAL_NULL_CONVERSION = YES;
				CLANG_WARN_OBJC_IMPLICIT_RETAIN_SELF = YES;
				CLANG_WARN_OBJC_LITERAL_CONVERSION = YES;
				CLANG_WARN_OBJC_ROOT_CLASS = YES_ERROR;
				CLANG_WARN_RANGE_LOOP_ANALYSIS = YES;
				CLANG_WARN_STRICT_PROTOTYPES = YES;
				CLANG_WARN_SUSPICIOUS_MOVE = YES;
				CLANG_WARN_UNGUARDED_AVAILABILITY = YES_AGGRESSIVE;
				CLANG_WARN_UNREACHABLE_CODE = YES;
				CLANG_WARN__DUPLICATE_METHOD_MATCH = YES;
				CODE_SIGN_IDENTITY = "iPhone Developer";
				COPY_PHASE_STRIP = NO;
				DEBUG_INFORMATION_FORMAT = dwarf;
				ENABLE_STRICT_OBJC_MSGSEND = YES;
				ENABLE_TESTABILITY = YES;
				GCC_C_LANGUAGE_STANDARD = gnu11;
				GCC_DYNAMIC_NO_PIC = NO;
				GCC_NO_COMMON_BLOCKS = YES;
				GCC_OPTIMIZATION_LEVEL = 0;
				GCC_PREPROCESSOR_DEFINITIONS = (
					"DEBUG=1",
					"$(inherited)",
				);
				GCC_WARN_64_TO_32_BIT_CONVERSION = YES;
				GCC_WARN_ABOUT_RETURN_TYPE = YES_ERROR;
				GCC_WARN_UNDECLARED_SELECTOR = YES;
				GCC_WARN_UNINITIALIZED_AUTOS = YES_AGGRESSIVE;
				GCC_WARN_UNUSED_FUNCTION = YES;
				GCC_WARN_UNUSED_VARIABLE = YES;
				IPHONEOS_DEPLOYMENT_TARGET = 12.2;
				MTL_ENABLE_DEBUG_INFO = INCLUDE_SOURCE;
				MTL_FAST_MATH = YES;
				ONLY_ACTIVE_ARCH = YES;
				SDKROOT = iphoneos;
				SWIFT_ACTIVE_COMPILATION_CONDITIONS = DEBUG;
				SWIFT_OPTIMIZATION_LEVEL = "-Onone";
			};
			name = Debug;
		};
		6DD108B82275A67B00478B4C /* Release */ = {
			isa = XCBuildConfiguration;
			buildSettings = {
				ALWAYS_SEARCH_USER_PATHS = NO;
				CLANG_ANALYZER_NONNULL = YES;
				CLANG_ANALYZER_NUMBER_OBJECT_CONVERSION = YES_AGGRESSIVE;
				CLANG_CXX_LANGUAGE_STANDARD = "gnu++14";
				CLANG_CXX_LIBRARY = "libc++";
				CLANG_ENABLE_MODULES = YES;
				CLANG_ENABLE_OBJC_ARC = YES;
				CLANG_ENABLE_OBJC_WEAK = YES;
				CLANG_WARN_BLOCK_CAPTURE_AUTORELEASING = YES;
				CLANG_WARN_BOOL_CONVERSION = YES;
				CLANG_WARN_COMMA = YES;
				CLANG_WARN_CONSTANT_CONVERSION = YES;
				CLANG_WARN_DEPRECATED_OBJC_IMPLEMENTATIONS = YES;
				CLANG_WARN_DIRECT_OBJC_ISA_USAGE = YES_ERROR;
				CLANG_WARN_DOCUMENTATION_COMMENTS = YES;
				CLANG_WARN_EMPTY_BODY = YES;
				CLANG_WARN_ENUM_CONVERSION = YES;
				CLANG_WARN_INFINITE_RECURSION = YES;
				CLANG_WARN_INT_CONVERSION = YES;
				CLANG_WARN_NON_LITERAL_NULL_CONVERSION = YES;
				CLANG_WARN_OBJC_IMPLICIT_RETAIN_SELF = YES;
				CLANG_WARN_OBJC_LITERAL_CONVERSION = YES;
				CLANG_WARN_OBJC_ROOT_CLASS = YES_ERROR;
				CLANG_WARN_RANGE_LOOP_ANALYSIS = YES;
				CLANG_WARN_STRICT_PROTOTYPES = YES;
				CLANG_WARN_SUSPICIOUS_MOVE = YES;
				CLANG_WARN_UNGUARDED_AVAILABILITY = YES_AGGRESSIVE;
				CLANG_WARN_UNREACHABLE_CODE = YES;
				CLANG_WARN__DUPLICATE_METHOD_MATCH = YES;
				CODE_SIGN_IDENTITY = "iPhone Developer";
				COPY_PHASE_STRIP = NO;
				DEBUG_INFORMATION_FORMAT = "dwarf-with-dsym";
				ENABLE_NS_ASSERTIONS = NO;
				ENABLE_STRICT_OBJC_MSGSEND = YES;
				GCC_C_LANGUAGE_STANDARD = gnu11;
				GCC_NO_COMMON_BLOCKS = YES;
				GCC_WARN_64_TO_32_BIT_CONVERSION = YES;
				GCC_WARN_ABOUT_RETURN_TYPE = YES_ERROR;
				GCC_WARN_UNDECLARED_SELECTOR = YES;
				GCC_WARN_UNINITIALIZED_AUTOS = YES_AGGRESSIVE;
				GCC_WARN_UNUSED_FUNCTION = YES;
				GCC_WARN_UNUSED_VARIABLE = YES;
				IPHONEOS_DEPLOYMENT_TARGET = 12.2;
				MTL_ENABLE_DEBUG_INFO = NO;
				MTL_FAST_MATH = YES;
				SDKROOT = iphoneos;
				SWIFT_COMPILATION_MODE = wholemodule;
				SWIFT_OPTIMIZATION_LEVEL = "-O";
				VALIDATE_PRODUCT = YES;
			};
			name = Release;
		};
		6DD108BA2275A67B00478B4C /* Debug */ = {
			isa = XCBuildConfiguration;
			baseConfigurationReference = 7FE43AB691AB722A623F889E /* Pods-SearchST.debug.xcconfig */;
			buildSettings = {
				ASSETCATALOG_COMPILER_APPICON_NAME = AppIcon;
				CODE_SIGN_STYLE = Automatic;
				INFOPLIST_FILE = SearchST/SupportFiles/Info.plist;
				LD_RUNPATH_SEARCH_PATHS = (
					"$(inherited)",
					"@executable_path/Frameworks",
				);
				PRODUCT_BUNDLE_IDENTIFIER = com.singhamit089.SearchST;
				PRODUCT_NAME = "$(TARGET_NAME)";
				SWIFT_VERSION = 5.0;
				TARGETED_DEVICE_FAMILY = "1,2";
			};
			name = Debug;
		};
		6DD108BB2275A67B00478B4C /* Release */ = {
			isa = XCBuildConfiguration;
			baseConfigurationReference = 2B2DB1591DCBFC38F7B9EE7E /* Pods-SearchST.release.xcconfig */;
			buildSettings = {
				ASSETCATALOG_COMPILER_APPICON_NAME = AppIcon;
				CODE_SIGN_STYLE = Automatic;
				INFOPLIST_FILE = SearchST/SupportFiles/Info.plist;
				LD_RUNPATH_SEARCH_PATHS = (
					"$(inherited)",
					"@executable_path/Frameworks",
				);
				PRODUCT_BUNDLE_IDENTIFIER = com.singhamit089.SearchST;
				PRODUCT_NAME = "$(TARGET_NAME)";
				SWIFT_VERSION = 5.0;
				TARGETED_DEVICE_FAMILY = "1,2";
			};
			name = Release;
		};
		6DD108BD2275A67B00478B4C /* Debug */ = {
			isa = XCBuildConfiguration;
			baseConfigurationReference = C08FA5B08F61B70D853448C2 /* Pods-SearchSTTests.debug.xcconfig */;
			buildSettings = {
				ALWAYS_EMBED_SWIFT_STANDARD_LIBRARIES = YES;
				BUNDLE_LOADER = "$(TEST_HOST)";
				CODE_SIGN_STYLE = Automatic;
				INFOPLIST_FILE = SearchSTTests/Info.plist;
				LD_RUNPATH_SEARCH_PATHS = (
					"$(inherited)",
					"@executable_path/Frameworks",
					"@loader_path/Frameworks",
				);
				PRODUCT_BUNDLE_IDENTIFIER = com.singhamit089.SearchSTTests;
				PRODUCT_NAME = "$(TARGET_NAME)";
				SWIFT_VERSION = 5.0;
				TARGETED_DEVICE_FAMILY = "1,2";
				TEST_HOST = "$(BUILT_PRODUCTS_DIR)/SearchST.app/SearchST";
			};
			name = Debug;
		};
		6DD108BE2275A67B00478B4C /* Release */ = {
			isa = XCBuildConfiguration;
			baseConfigurationReference = 221081E901767B3466D7FBDE /* Pods-SearchSTTests.release.xcconfig */;
			buildSettings = {
				ALWAYS_EMBED_SWIFT_STANDARD_LIBRARIES = YES;
				BUNDLE_LOADER = "$(TEST_HOST)";
				CODE_SIGN_STYLE = Automatic;
				INFOPLIST_FILE = SearchSTTests/Info.plist;
				LD_RUNPATH_SEARCH_PATHS = (
					"$(inherited)",
					"@executable_path/Frameworks",
					"@loader_path/Frameworks",
				);
				PRODUCT_BUNDLE_IDENTIFIER = com.singhamit089.SearchSTTests;
				PRODUCT_NAME = "$(TARGET_NAME)";
				SWIFT_VERSION = 5.0;
				TARGETED_DEVICE_FAMILY = "1,2";
				TEST_HOST = "$(BUILT_PRODUCTS_DIR)/SearchST.app/SearchST";
			};
			name = Release;
		};
/* End XCBuildConfiguration section */

/* Begin XCConfigurationList section */
		6DD108972275A67900478B4C /* Build configuration list for PBXProject "SearchST" */ = {
			isa = XCConfigurationList;
			buildConfigurations = (
				6DD108B72275A67B00478B4C /* Debug */,
				6DD108B82275A67B00478B4C /* Release */,
			);
			defaultConfigurationIsVisible = 0;
			defaultConfigurationName = Release;
		};
		6DD108B92275A67B00478B4C /* Build configuration list for PBXNativeTarget "SearchST" */ = {
			isa = XCConfigurationList;
			buildConfigurations = (
				6DD108BA2275A67B00478B4C /* Debug */,
				6DD108BB2275A67B00478B4C /* Release */,
			);
			defaultConfigurationIsVisible = 0;
			defaultConfigurationName = Release;
		};
		6DD108BC2275A67B00478B4C /* Build configuration list for PBXNativeTarget "SearchSTTests" */ = {
			isa = XCConfigurationList;
			buildConfigurations = (
				6DD108BD2275A67B00478B4C /* Debug */,
				6DD108BE2275A67B00478B4C /* Release */,
			);
			defaultConfigurationIsVisible = 0;
			defaultConfigurationName = Release;
		};
/* End XCConfigurationList section */
	};
	rootObject = 6DD108942275A67900478B4C /* Project object */;
}
